
Microsoft Visual Studio Solution File, Format Version 12.00
# Visual Studio Version 17
VisualStudioVersion = 17.5.33502.453
MinimumVisualStudioVersion = 10.0.40219.1
Project("{FAE04EC0-301F-11D3-BF4B-00C04F79EFBC}") = "Frm_ShanLiang", "Frm_ShanLiang\Frm_ShanLiang.csproj", "{0CE21135-943E-4B79-85D4-C5FA56928E3A}"
EndProject
Global
	GlobalSection(SolutionConfigurationPlatforms) = preSolution
		Debug|Any CPU = Debug|Any CPU
		Release|Any CPU = Release|Any CPU
	EndGlobalSection
	GlobalSection(ProjectConfigurationPlatforms) = postSolution
		{0CE21135-943E-4B79-85D4-C5FA56928E3A}.Debug|Any CPU.ActiveCfg = Debug|Any CPU
		{0CE21135-943E-4B79-85D4-C5FA56928E3A}.Debug|Any CPU.Build.0 = Debug|Any CPU
		{0CE21135-943E-4B79-85D4-C5FA56928E3A}.Release|Any CPU.ActiveCfg = Release|Any CPU
		{0CE21135-943E-4B79-85D4-C5FA56928E3A}.Release|Any CPU.Build.0 = Release|Any CPU
	EndGlobalSection
	GlobalSection(SolutionProperties) = preSolution
		HideSolutionNode = FALSE
	EndGlobalSection
	GlobalSection(ExtensibilityGlobals) = postSolution
		SolutionGuid = {32BD130E-8EF2-463F-B707-46E7D62176DA}
	EndGlobalSection
EndGlobal
